{
  "name": "lightstars",
  "version": "1.0.1",
  "lockfileVersion": 2,
  "requires": true,
  "packages": {
    "": {
      "name": "lightstars",
      "version": "1.0.1",
      "license": "ISC",
      "dependencies": {
        "lightstars": "^1.0.0"
      },
      "devDependencies": {}
    },
    "node_modules/lightstars": {
      "version": "1.0.0",
      "resolved": "https://registry.npmjs.org/lightstars/-/lightstars-1.0.0.tgz",
      "integrity": "sha512-SYER5OnMqWx/FlQInljC3v7FB8lY9H4grMH4KXe+OFb+0x3gfcyCRkoahE2IbU6oOc1AmOeRpUX1tIzRbs5NzA=="
    }
  },
  "dependencies": {
    "lightstars": {
      "version": "1.0.0",
      "resolved": "https://registry.npmjs.org/lightstars/-/lightstars-1.0.0.tgz",
      "integrity": "sha512-SYER5OnMqWx/FlQInljC3v7FB8lY9H4grMH4KXe+OFb+0x3gfcyCRkoahE2IbU6oOc1AmOeRpUX1tIzRbs5NzA=="
    }
  }
}
